// !$*UTF8*$!
{
	archiveVersion = 1;
	classes = {
	};
	objectVersion = 50;
	objects = {

/* Begin PBXBuildFile section */
		D79AFEA032E0A98ECC659C64 /* Pods_Todoey.framework in Frameworks */ = {isa = PBXBuildFile; fileRef = A365421781E78F4021A7EF00 /* Pods_Todoey.framework */; };
		F520F89920FDF7DA00717466 /* CategoryTableViewController.swift in Sources */ = {isa = PBXBuildFile; fileRef = F520F89820FDF7DA00717466 /* CategoryTableViewController.swift */; };
		F55E4D2420FB3EF20033D487 /* AppDelegate.swift in Sources */ = {isa = PBXBuildFile; fileRef = F55E4D2320FB3EF20033D487 /* AppDelegate.swift */; };
		F55E4D2620FB3EF20033D487 /* ToDoListViewController.swift in Sources */ = {isa = PBXBuildFile; fileRef = F55E4D2520FB3EF20033D487 /* ToDoListViewController.swift */; };
		F55E4D2920FB3EF20033D487 /* Main.storyboard in Resources */ = {isa = PBXBuildFile; fileRef = F55E4D2720FB3EF20033D487 /* Main.storyboard */; };
		F55E4D2B20FB3EF30033D487 /* Assets.xcassets in Resources */ = {isa = PBXBuildFile; fileRef = F55E4D2A20FB3EF30033D487 /* Assets.xcassets */; };
		F55E4D2E20FB3EF30033D487 /* LaunchScreen.storyboard in Resources */ = {isa = PBXBuildFile; fileRef = F55E4D2C20FB3EF30033D487 /* LaunchScreen.storyboard */; };
		F5A9467B20FCD4F9009D3746 /* CoreDataModel.xcdatamodeld in Sources */ = {isa = PBXBuildFile; fileRef = F5A9467920FCD4F9009D3746 /* CoreDataModel.xcdatamodeld */; };
/* End PBXBuildFile section */

/* Begin PBXFileReference section */
		22DDA99B7E8AF97E3C751903 /* Pods-Todoey.release.xcconfig */ = {isa = PBXFileReference; includeInIndex = 1; lastKnownFileType = text.xcconfig; name = "Pods-Todoey.release.xcconfig"; path = "Pods/Target Support Files/Pods-Todoey/Pods-Todoey.release.xcconfig"; sourceTree = "<group>"; };
		57246F969263690461FC1E27 /* Pods-Todoey.debug.xcconfig */ = {isa = PBXFileReference; includeInIndex = 1; lastKnownFileType = text.xcconfig; name = "Pods-Todoey.debug.xcconfig"; path = "Pods/Target Support Files/Pods-Todoey/Pods-Todoey.debug.xcconfig"; sourceTree = "<group>"; };
		A365421781E78F4021A7EF00 /* Pods_Todoey.framework */ = {isa = PBXFileReference; explicitFileType = wrapper.framework; includeInIndex = 0; path = Pods_Todoey.framework; sourceTree = BUILT_PRODUCTS_DIR; };
		F520F89820FDF7DA00717466 /* CategoryTableViewController.swift */ = {isa = PBXFileReference; lastKnownFileType = sourcecode.swift; path = CategoryTableViewController.swift; sourceTree = "<group>"; };
		F55E4D2020FB3EF20033D487 /* Todoey.app */ = {isa = PBXFileReference; explicitFileType = wrapper.application; includeInIndex = 0; path = Todoey.app; sourceTree = BUILT_PRODUCTS_DIR; };
		F55E4D2320FB3EF20033D487 /* AppDelegate.swift */ = {isa = PBXFileReference; lastKnownFileType = sourcecode.swift; path = AppDelegate.swift; sourceTree = "<group>"; };
		F55E4D2520FB3EF20033D487 /* ToDoListViewController.swift */ = {isa = PBXFileReference; lastKnownFileType = sourcecode.swift; path = ToDoListViewController.swift; sourceTree = "<group>"; };
		F55E4D2820FB3EF20033D487 /* Base */ = {isa = PBXFileReference; lastKnownFileType = file.storyboard; name = Base; path = Base.lproj/Main.storyboard; sourceTree = "<group>"; };
		F55E4D2A20FB3EF30033D487 /* Assets.xcassets */ = {isa = PBXFileReference; lastKnownFileType = folder.assetcatalog; path = Assets.xcassets; sourceTree = "<group>"; };
		F55E4D2D20FB3EF30033D487 /* Base */ = {isa = PBXFileReference; lastKnownFileType = file.storyboard; name = Base; path = Base.lproj/LaunchScreen.storyboard; sourceTree = "<group>"; };
		F55E4D2F20FB3EF30033D487 /* Info.plist */ = {isa = PBXFileReference; lastKnownFileType = text.plist.xml; path = Info.plist; sourceTree = "<group>"; };
		F5A9467A20FCD4F9009D3746 /* CoreDataModel.xcdatamodel */ = {isa = PBXFileReference; lastKnownFileType = wrapper.xcdatamodel; path = CoreDataModel.xcdatamodel; sourceTree = "<group>"; };
/* End PBXFileReference section */

/* Begin PBXFrameworksBuildPhase section */
		F55E4D1D20FB3EF20033D487 /* Frameworks */ = {
			isa = PBXFrameworksBuildPhase;
			buildActionMask = 2147483647;
			files = (
				D79AFEA032E0A98ECC659C64 /* Pods_Todoey.framework in Frameworks */,
			);
			runOnlyForDeploymentPostprocessing = 0;
		};
/* End PBXFrameworksBuildPhase section */

/* Begin PBXGroup section */
		9AC6EEFCFB411F55F7A7CAFA /* Pods */ = {
			isa = PBXGroup;
			children = (
				57246F969263690461FC1E27 /* Pods-Todoey.debug.xcconfig */,
				22DDA99B7E8AF97E3C751903 /* Pods-Todoey.release.xcconfig */,
			);
			name = Pods;
			sourceTree = "<group>";
		};
		F55E4D1720FB3EF20033D487 = {
			isa = PBXGroup;
			children = (
				F55E4D2220FB3EF20033D487 /* Todoey */,
				F55E4D2120FB3EF20033D487 /* Products */,
				9AC6EEFCFB411F55F7A7CAFA /* Pods */,
				F91EFECA8EE91AD28C3AE65C /* Frameworks */,
			);
			sourceTree = "<group>";
		};
		F55E4D2120FB3EF20033D487 /* Products */ = {
			isa = PBXGroup;
			children = (
				F55E4D2020FB3EF20033D487 /* Todoey.app */,
			);
			name = Products;
			sourceTree = "<group>";
		};
		F55E4D2220FB3EF20033D487 /* Todoey */ = {
			isa = PBXGroup;
			children = (
				F55E4D2320FB3EF20033D487 /* AppDelegate.swift */,
				F5A9465420FC71D7009D3746 /* Data Model */,
				F5A9465520FC722A009D3746 /* Controller */,
				F5A9465620FC7239009D3746 /* Views */,
				F5A9465720FC72F8009D3746 /* Supporting Files */,
				F55E4D2F20FB3EF30033D487 /* Info.plist */,
			);
			path = Todoey;
			sourceTree = "<group>";
		};
		F5A9465420FC71D7009D3746 /* Data Model */ = {
			isa = PBXGroup;
			children = (
				F5A9467920FCD4F9009D3746 /* CoreDataModel.xcdatamodeld */,
			);
			path = "Data Model";
			sourceTree = "<group>";
		};
		F5A9465520FC722A009D3746 /* Controller */ = {
			isa = PBXGroup;
			children = (
				F55E4D2520FB3EF20033D487 /* ToDoListViewController.swift */,
				F520F89820FDF7DA00717466 /* CategoryTableViewController.swift */,
			);
			path = Controller;
			sourceTree = "<group>";
		};
		F5A9465620FC7239009D3746 /* Views */ = {
			isa = PBXGroup;
			children = (
				F55E4D2720FB3EF20033D487 /* Main.storyboard */,
			);
			path = Views;
			sourceTree = "<group>";
		};
		F5A9465720FC72F8009D3746 /* Supporting Files */ = {
			isa = PBXGroup;
			children = (
				F55E4D2A20FB3EF30033D487 /* Assets.xcassets */,
				F55E4D2C20FB3EF30033D487 /* LaunchScreen.storyboard */,
			);
			path = "Supporting Files";
			sourceTree = "<group>";
		};
		F91EFECA8EE91AD28C3AE65C /* Frameworks */ = {
			isa = PBXGroup;
			children = (
				A365421781E78F4021A7EF00 /* Pods_Todoey.framework */,
			);
			name = Frameworks;
			sourceTree = "<group>";
		};
/* End PBXGroup section */

/* Begin PBXNativeTarget section */
		F55E4D1F20FB3EF20033D487 /* Todoey */ = {
			isa = PBXNativeTarget;
			buildConfigurationList = F55E4D3220FB3EF30033D487 /* Build configuration list for PBXNativeTarget "Todoey" */;
			buildPhases = (
				E6BA7AFB0ACEA1773981CED2 /* [CP] Check Pods Manifest.lock */,
				F55E4D1C20FB3EF20033D487 /* Sources */,
				F55E4D1D20FB3EF20033D487 /* Frameworks */,
				F55E4D1E20FB3EF20033D487 /* Resources */,
				2FA3081B0645FBD0C8E0D279 /* [CP] Embed Pods Frameworks */,
			);
			buildRules = (
			);
			dependencies = (
			);
			name = Todoey;
			productName = Todoey;
			productReference = F55E4D2020FB3EF20033D487 /* Todoey.app */;
			productType = "com.apple.product-type.application";
		};
/* End PBXNativeTarget section */

/* Begin PBXProject section */
		F55E4D1820FB3EF20033D487 /* Project object */ = {
			isa = PBXProject;
			attributes = {
				LastSwiftUpdateCheck = 0940;
				LastUpgradeCheck = 0940;
				ORGANIZATIONNAME = 5W2H;
				TargetAttributes = {
					F55E4D1F20FB3EF20033D487 = {
						CreatedOnToolsVersion = 9.4.1;
					};
				};
			};
			buildConfigurationList = F55E4D1B20FB3EF20033D487 /* Build configuration list for PBXProject "Todoey" */;
			compatibilityVersion = "Xcode 9.3";
			developmentRegion = en;
			hasScannedForEncodings = 0;
			knownRegions = (
				en,
				Base,
			);
			mainGroup = F55E4D1720FB3EF20033D487;
			productRefGroup = F55E4D2120FB3EF20033D487 /* Products */;
			projectDirPath = "";
			projectRoot = "";
			targets = (
				F55E4D1F20FB3EF20033D487 /* Todoey */,
			);
		};
/* End PBXProject section */

/* Begin PBXResourcesBuildPhase section */
		F55E4D1E20FB3EF20033D487 /* Resources */ = {
			isa = PBXResourcesBuildPhase;
			buildActionMask = 2147483647;
			files = (
				F55E4D2E20FB3EF30033D487 /* LaunchScreen.storyboard in Resources */,
				F55E4D2B20FB3EF30033D487 /* Assets.xcassets in Resources */,
				F55E4D2920FB3EF20033D487 /* Main.storyboard in Resources */,
			);
			runOnlyForDeploymentPostprocessing = 0;
		};
/* End PBXResourcesBuildPhase section */

/* Begin PBXShellScriptBuildPhase section */
		2FA3081B0645FBD0C8E0D279 /* [CP] Embed Pods Frameworks */ = {
			isa = PBXShellScriptBuildPhase;
			buildActionMask = 2147483647;
			files = (
			);
			inputPaths = (
				"${SRCROOT}/Pods/Target Support Files/Pods-Todoey/Pods-Todoey-frameworks.sh",
				"${BUILT_PRODUCTS_DIR}/Realm/Realm.framework",
				"${BUILT_PRODUCTS_DIR}/RealmSwift/RealmSwift.framework",
			);
			name = "[CP] Embed Pods Frameworks";
			outputPaths = (
				"${TARGET_BUILD_DIR}/${FRAMEWORKS_FOLDER_PATH}/Realm.framework",
				"${TARGET_BUILD_DIR}/${FRAMEWORKS_FOLDER_PATH}/RealmSwift.framework",
			);
			runOnlyForDeploymentPostprocessing = 0;
			shellPath = /bin/sh;
			shellScript = "\"${SRCROOT}/Pods/Target Support Files/Pods-Todoey/Pods-Todoey-frameworks.sh\"\n";
			showEnvVarsInLog = 0;
		};
		E6BA7AFB0ACEA1773981CED2 /* [CP] Check Pods Manifest.lock */ = {
			isa = PBXShellScriptBuildPhase;
			buildActionMask = 2147483647;
			files = (
			);
			inputPaths = (
				"${PODS_PODFILE_DIR_PATH}/Podfile.lock",
				"${PODS_ROOT}/Manifest.lock",
			);
			name = "[CP] Check Pods Manifest.lock";
			outputPaths = (
				"$(DERIVED_FILE_DIR)/Pods-Todoey-checkManifestLockResult.txt",
			);
			runOnlyForDeploymentPostprocessing = 0;
			shellPath = /bin/sh;
			shellScript = "diff \"${PODS_PODFILE_DIR_PATH}/Podfile.lock\" \"${PODS_ROOT}/Manifest.lock\" > /dev/null\nif [ $? != 0 ] ; then\n    # print error to STDERR\n    echo \"error: The sandbox is not in sync with the Podfile.lock. Run 'pod install' or update your CocoaPods installation.\" >&2\n    exit 1\nfi\n# This output is used by Xcode 'outputs' to avoid re-running this script phase.\necho \"SUCCESS\" > \"${SCRIPT_OUTPUT_FILE_0}\"\n";
			showEnvVarsInLog = 0;
		};
/* End PBXShellScriptBuildPhase section */

/* Begin PBXSourcesBuildPhase section */
		F55E4D1C20FB3EF20033D487 /* Sources */ = {
			isa = PBXSourcesBuildPhase;
			buildActionMask = 2147483647;
			files = (
				F55E4D2620FB3EF20033D487 /* ToDoListViewController.swift in Sources */,
				F5A9467B20FCD4F9009D3746 /* CoreDataModel.xcdatamodeld in Sources */,
				F55E4D2420FB3EF20033D487 /* AppDelegate.swift in Sources */,
				F520F89920FDF7DA00717466 /* CategoryTableViewController.swift in Sources */,
			);
			runOnlyForDeploymentPostprocessing = 0;
		};
/* End PBXSourcesBuildPhase section */

/* Begin PBXVariantGroup section */
		F55E4D2720FB3EF20033D487 /* Main.storyboard */ = {
			isa = PBXVariantGroup;
			children = (
				F55E4D2820FB3EF20033D487 /* Base */,
			);
			name = Main.storyboard;
			sourceTree = "<group>";
		};
		F55E4D2C20FB3EF30033D487 /* LaunchScreen.storyboard */ = {
			isa = PBXVariantGroup;
			children = (
				F55E4D2D20FB3EF30033D487 /* Base */,
			);
			name = LaunchScreen.storyboard;
			sourceTree = "<group>";
		};
/* End PBXVariantGroup section */

/* Begin XCBuildConfiguration section */
		F55E4D3020FB3EF30033D487 /* Debug */ = {
			isa = XCBuildConfiguration;
			buildSettings = {
				ALWAYS_SEARCH_USER_PATHS = NO;
				CLANG_ANALYZER_NONNULL = YES;
				CLANG_ANALYZER_NUMBER_OBJECT_CONVERSION = YES_AGGRESSIVE;
				CLANG_CXX_LANGUAGE_STANDARD = "gnu++14";
				CLANG_CXX_LIBRARY = "libc++";
				CLANG_ENABLE_MODULES = YES;
				CLANG_ENABLE_OBJC_ARC = YES;
				CLANG_ENABLE_OBJC_WEAK = YES;
				CLANG_WARN_BLOCK_CAPTURE_AUTORELEASING = YES;
				CLANG_WARN_BOOL_CONVERSION = YES;
				CLANG_WARN_COMMA = YES;
				CLANG_WARN_CONSTANT_CONVERSION = YES;
				CLANG_WARN_DEPRECATED_OBJC_IMPLEMENTATIONS = YES;
				CLANG_WARN_DIRECT_OBJC_ISA_USAGE = YES_ERROR;
				CLANG_WARN_DOCUMENTATION_COMMENTS = YES;
				CLANG_WARN_EMPTY_BODY = YES;
				CLANG_WARN_ENUM_CONVERSION = YES;
				CLANG_WARN_INFINITE_RECURSION = YES;
				CLANG_WARN_INT_CONVERSION = YES;
				CLANG_WARN_NON_LITERAL_NULL_CONVERSION = YES;
				CLANG_WARN_OBJC_IMPLICIT_RETAIN_SELF = YES;
				CLANG_WARN_OBJC_LITERAL_CONVERSION = YES;
				CLANG_WARN_OBJC_ROOT_CLASS = YES_ERROR;
				CLANG_WARN_RANGE_LOOP_ANALYSIS = YES;
				CLANG_WARN_STRICT_PROTOTYPES = YES;
				CLANG_WARN_SUSPICIOUS_MOVE = YES;
				CLANG_WARN_UNGUARDED_AVAILABILITY = YES_AGGRESSIVE;
				CLANG_WARN_UNREACHABLE_CODE = YES;
				CLANG_WARN__DUPLICATE_METHOD_MATCH = YES;
				CODE_SIGN_IDENTITY = "iPhone Developer";
				COPY_PHASE_STRIP = NO;
				DEBUG_INFORMATION_FORMAT = dwarf;
				ENABLE_STRICT_OBJC_MSGSEND = YES;
				ENABLE_TESTABILITY = YES;
				GCC_C_LANGUAGE_STANDARD = gnu11;
				GCC_DYNAMIC_NO_PIC = NO;
				GCC_NO_COMMON_BLOCKS = YES;
				GCC_OPTIMIZATION_LEVEL = 0;
				GCC_PREPROCESSOR_DEFINITIONS = (
					"DEBUG=1",
					"$(inherited)",
				);
				GCC_WARN_64_TO_32_BIT_CONVERSION = YES;
				GCC_WARN_ABOUT_RETURN_TYPE = YES_ERROR;
				GCC_WARN_UNDECLARED_SELECTOR = YES;
				GCC_WARN_UNINITIALIZED_AUTOS = YES_AGGRESSIVE;
				GCC_WARN_UNUSED_FUNCTION = YES;
				GCC_WARN_UNUSED_VARIABLE = YES;
				IPHONEOS_DEPLOYMENT_TARGET = 11.4;
				MTL_ENABLE_DEBUG_INFO = YES;
				ONLY_ACTIVE_ARCH = YES;
				SDKROOT = iphoneos;
				SWIFT_ACTIVE_COMPILATION_CONDITIONS = DEBUG;
				SWIFT_OPTIMIZATION_LEVEL = "-Onone";
			};
			name = Debug;
		};
		F55E4D3120FB3EF30033D487 /* Release */ = {
			isa = XCBuildConfiguration;
			buildSettings = {
				ALWAYS_SEARCH_USER_PATHS = NO;
				CLANG_ANALYZER_NONNULL = YES;
				CLANG_ANALYZER_NUMBER_OBJECT_CONVERSION = YES_AGGRESSIVE;
				CLANG_CXX_LANGUAGE_STANDARD = "gnu++14";
				CLANG_CXX_LIBRARY = "libc++";
				CLANG_ENABLE_MODULES = YES;
				CLANG_ENABLE_OBJC_ARC = YES;
				CLANG_ENABLE_OBJC_WEAK = YES;
				CLANG_WARN_BLOCK_CAPTURE_AUTORELEASING = YES;
				CLANG_WARN_BOOL_CONVERSION = YES;
				CLANG_WARN_COMMA = YES;
				CLANG_WARN_CONSTANT_CONVERSION = YES;
				CLANG_WARN_DEPRECATED_OBJC_IMPLEMENTATIONS = YES;
				CLANG_WARN_DIRECT_OBJC_ISA_USAGE = YES_ERROR;
				CLANG_WARN_DOCUMENTATION_COMMENTS = YES;
				CLANG_WARN_EMPTY_BODY = YES;
				CLANG_WARN_ENUM_CONVERSION = YES;
				CLANG_WARN_INFINITE_RECURSION = YES;
				CLANG_WARN_INT_CONVERSION = YES;
				CLANG_WARN_NON_LITERAL_NULL_CONVERSION = YES;
				CLANG_WARN_OBJC_IMPLICIT_RETAIN_SELF = YES;
				CLANG_WARN_OBJC_LITERAL_CONVERSION = YES;
				CLANG_WARN_OBJC_ROOT_CLASS = YES_ERROR;
				CLANG_WARN_RANGE_LOOP_ANALYSIS = YES;
				CLANG_WARN_STRICT_PROTOTYPES = YES;
				CLANG_WARN_SUSPICIOUS_MOVE = YES;
				CLANG_WARN_UNGUARDED_AVAILABILITY = YES_AGGRESSIVE;
				CLANG_WARN_UNREACHABLE_CODE = YES;
				CLANG_WARN__DUPLICATE_METHOD_MATCH = YES;
				CODE_SIGN_IDENTITY = "iPhone Developer";
				COPY_PHASE_STRIP = NO;
				DEBUG_INFORMATION_FORMAT = "dwarf-with-dsym";
				ENABLE_NS_ASSERTIONS = NO;
				ENABLE_STRICT_OBJC_MSGSEND = YES;
				GCC_C_LANGUAGE_STANDARD = gnu11;
				GCC_NO_COMMON_BLOCKS = YES;
				GCC_WARN_64_TO_32_BIT_CONVERSION = YES;
				GCC_WARN_ABOUT_RETURN_TYPE = YES_ERROR;
				GCC_WARN_UNDECLARED_SELECTOR = YES;
				GCC_WARN_UNINITIALIZED_AUTOS = YES_AGGRESSIVE;
				GCC_WARN_UNUSED_FUNCTION = YES;
				GCC_WARN_UNUSED_VARIABLE = YES;
				IPHONEOS_DEPLOYMENT_TARGET = 11.4;
				MTL_ENABLE_DEBUG_INFO = NO;
				SDKROOT = iphoneos;
				SWIFT_COMPILATION_MODE = wholemodule;
				SWIFT_OPTIMIZATION_LEVEL = "-O";
				VALIDATE_PRODUCT = YES;
			};
			name = Release;
		};
		F55E4D3320FB3EF30033D487 /* Debug */ = {
			isa = XCBuildConfiguration;
			baseConfigurationReference = 57246F969263690461FC1E27 /* Pods-Todoey.debug.xcconfig */;
			buildSettings = {
				ASSETCATALOG_COMPILER_APPICON_NAME = AppIcon;
				CODE_SIGN_STYLE = Automatic;
				DEVELOPMENT_TEAM = KK5Y34K7D4;
				INFOPLIST_FILE = Todoey/Info.plist;
				LD_RUNPATH_SEARCH_PATHS = (
					"$(inherited)",
					"@executable_path/Frameworks",
				);
				PRODUCT_BUNDLE_IDENTIFIER = com.5W2H.Todoey;
				PRODUCT_NAME = "$(TARGET_NAME)";
				SWIFT_VERSION = 4.0;
				TARGETED_DEVICE_FAMILY = "1,2";
			};
			name = Debug;
		};
		F55E4D3420FB3EF30033D487 /* Release */ = {
			isa = XCBuildConfiguration;
			baseConfigurationReference = 22DDA99B7E8AF97E3C751903 /* Pods-Todoey.release.xcconfig */;
			buildSettings = {
				ASSETCATALOG_COMPILER_APPICON_NAME = AppIcon;
				CODE_SIGN_STYLE = Automatic;
				DEVELOPMENT_TEAM = KK5Y34K7D4;
				INFOPLIST_FILE = Todoey/Info.plist;
				LD_RUNPATH_SEARCH_PATHS = (
					"$(inherited)",
					"@executable_path/Frameworks",
				);
				PRODUCT_BUNDLE_IDENTIFIER = com.5W2H.Todoey;
				PRODUCT_NAME = "$(TARGET_NAME)";
				SWIFT_VERSION = 4.0;
				TARGETED_DEVICE_FAMILY = "1,2";
			};
			name = Release;
		};
/* End XCBuildConfiguration section */

/* Begin XCConfigurationList section */
		F55E4D1B20FB3EF20033D487 /* Build configuration list for PBXProject "Todoey" */ = {
			isa = XCConfigurationList;
			buildConfigurations = (
				F55E4D3020FB3EF30033D487 /* Debug */,
				F55E4D3120FB3EF30033D487 /* Release */,
			);
			defaultConfigurationIsVisible = 0;
			defaultConfigurationName = Release;
		};
		F55E4D3220FB3EF30033D487 /* Build configuration list for PBXNativeTarget "Todoey" */ = {
			isa = XCConfigurationList;
			buildConfigurations = (
				F55E4D3320FB3EF30033D487 /* Debug */,
				F55E4D3420FB3EF30033D487 /* Release */,
			);
			defaultConfigurationIsVisible = 0;
			defaultConfigurationName = Release;
		};
/* End XCConfigurationList section */

/* Begin XCVersionGroup section */
		F5A9467920FCD4F9009D3746 /* CoreDataModel.xcdatamodeld */ = {
			isa = XCVersionGroup;
			children = (
				F5A9467A20FCD4F9009D3746 /* CoreDataModel.xcdatamodel */,
			);
			currentVersion = F5A9467A20FCD4F9009D3746 /* CoreDataModel.xcdatamodel */;
			path = CoreDataModel.xcdatamodeld;
			sourceTree = "<group>";
			versionGroupType = wrapper.xcdatamodel;
		};
/* End XCVersionGroup section */
	};
	rootObject = F55E4D1820FB3EF20033D487 /* Project object */;
}
